<?xml version="1.0" encoding="utf-8"?>
<Project ToolsVersion="4.0" xmlns="http://schemas.microsoft.com/developer/msbuild/2003">
  <ItemGroup>
    <Filter Include="src">
      <UniqueIdentifier>{A4DCF32D-BD17-934E-B3E0-ED7EF2C052C6}</UniqueIdentifier>
    </Filter>
    <Filter Include="src\Bullet3Dynamics">
      <UniqueIdentifier>{EEEBB86E-245E-6E4B-8C2D-77BAAD83C72F}</UniqueIdentifier>
    </Filter>
    <Filter Include="src\Bullet3Dynamics\ConstraintSolver">
      <UniqueIdentifier>{C7ED8BB7-AFA6-CA43-9D2E-B51D5014DA37}</UniqueIdentifier>
    </Filter>
    <Filter Include="src\Bullet3Dynamics\shared">
      <UniqueIdentifier>{C48DD950-D56B-334C-B0AD-B48009B44EBF}</UniqueIdentifier>
    </Filter>
  </ItemGroup>
  <ItemGroup>
    <ClInclude Include="..\..\src\Bullet3Dynamics\b3CpuRigidBodyPipeline.h">
      <Filter>src\Bullet3Dynamics</Filter>
    </ClInclude>
    <ClInclude Include="..\..\src\Bullet3Dynamics\ConstraintSolver\b3ContactSolverInfo.h">
      <Filter>src\Bullet3Dynamics\ConstraintSolver</Filter>
    </ClInclude>
    <ClInclude Include="..\..\src\Bullet3Dynamics\ConstraintSolver\b3FixedConstraint.h">
      <Filter>src\Bullet3Dynamics\ConstraintSolver</Filter>
    </ClInclude>
    <ClInclude Include="..\..\src\Bullet3Dynamics\ConstraintSolver\b3Generic6DofConstraint.h">
      <Filter>src\Bullet3Dynamics\ConstraintSolver</Filter>
    </ClInclude>
    <ClInclude Include="..\..\src\Bullet3Dynamics\ConstraintSolver\b3JacobianEntry.h">
      <Filter>src\Bullet3Dynamics\ConstraintSolver</Filter>
    </ClInclude>
    <ClInclude Include="..\..\src\Bullet3Dynamics\ConstraintSolver\b3PgsJacobiSolver.h">
      <Filter>src\Bullet3Dynamics\ConstraintSolver</Filter>
    </ClInclude>
    <ClInclude Include="..\..\src\Bullet3Dynamics\ConstraintSolver\b3Point2PointConstraint.h">
      <Filter>src\Bullet3Dynamics\ConstraintSolver</Filter>
    </ClInclude>
    <ClInclude Include="..\..\src\Bullet3Dynamics\ConstraintSolver\b3SolverBody.h">
      <Filter>src\Bullet3Dynamics\ConstraintSolver</Filter>
    </ClInclude>
    <ClInclude Include="..\..\src\Bullet3Dynamics\ConstraintSolver\b3SolverConstraint.h">
      <Filter>src\Bullet3Dynamics\ConstraintSolver</Filter>
    </ClInclude>
    <ClInclude Include="..\..\src\Bullet3Dynamics\ConstraintSolver\b3TypedConstraint.h">
      <Filter>src\Bullet3Dynamics\ConstraintSolver</Filter>
    </ClInclude>
    <ClInclude Include="..\..\src\Bullet3Dynamics\shared\b3ContactConstraint4.h">
      <Filter>src\Bullet3Dynamics\shared</Filter>
    </ClInclude>
    <ClInclude Include="..\..\src\Bullet3Dynamics\shared\b3ConvertConstraint4.h">
      <Filter>src\Bullet3Dynamics\shared</Filter>
    </ClInclude>
    <ClInclude Include="..\..\src\Bullet3Dynamics\shared\b3Inertia.h">
      <Filter>src\Bullet3Dynamics\shared</Filter>
    </ClInclude>
    <ClInclude Include="..\..\src\Bullet3Dynamics\shared\b3IntegrateTransforms.h">
      <Filter>src\Bullet3Dynamics\shared</Filter>
    </ClInclude>
  </ItemGroup>
  <ItemGroup>
    <ClCompile Include="..\..\src\Bullet3Dynamics\b3CpuRigidBodyPipeline.cpp">
      <Filter>src\Bullet3Dynamics</Filter>
    </ClCompile>
    <ClCompile Include="..\..\src\Bullet3Dynamics\ConstraintSolver\b3FixedConstraint.cpp">
      <Filter>src\Bullet3Dynamics\ConstraintSolver</Filter>
    </ClCompile>
    <ClCompile Include="..\..\src\Bullet3Dynamics\ConstraintSolver\b3Generic6DofConstraint.cpp">
      <Filter>src\Bullet3Dynamics\ConstraintSolver</Filter>
    </ClCompile>
    <ClCompile Include="..\..\src\Bullet3Dynamics\ConstraintSolver\b3PgsJacobiSolver.cpp">
      <Filter>src\Bullet3Dynamics\ConstraintSolver</Filter>
    </ClCompile>
    <ClCompile Include="..\..\src\Bullet3Dynamics\ConstraintSolver\b3Point2PointConstraint.cpp">
      <Filter>src\Bullet3Dynamics\ConstraintSolver</Filter>
    </ClCompile>
    <ClCompile Include="..\..\src\Bullet3Dynamics\ConstraintSolver\b3TypedConstraint.cpp">
      <Filter>src\Bullet3Dynamics\ConstraintSolver</Filter>
    </ClCompile>
  </ItemGroup>
</Project>
